// !$*UTF8*$!
{
	archiveVersion = 1;
	classes = {
	};
	objectVersion = 56;
	objects = {

/* Begin PBXBuildFile section */
		3D1B6B14299E77190066DE53 /* lullappiApp.swift in Sources */ = {isa = PBXBuildFile; fileRef = 3D1B6B13299E77190066DE53 /* lullappiApp.swift */; };
		3D1B6B16299E77190066DE53 /* ContentView.swift in Sources */ = {isa = PBXBuildFile; fileRef = 3D1B6B15299E77190066DE53 /* ContentView.swift */; };
		3D1B6B18299E771A0066DE53 /* Assets.xcassets in Resources */ = {isa = PBXBuildFile; fileRef = 3D1B6B17299E771A0066DE53 /* Assets.xcassets */; };
		3D1B6B1C299E771A0066DE53 /* Preview Assets.xcassets in Resources */ = {isa = PBXBuildFile; fileRef = 3D1B6B1B299E771A0066DE53 /* Preview Assets.xcassets */; };
		3D1B6B24299E77580066DE53 /* Item.swift in Sources */ = {isa = PBXBuildFile; fileRef = 3D1B6B23299E77580066DE53 /* Item.swift */; };
		3D1B6B26299E90980066DE53 /* ItemList.swift in Sources */ = {isa = PBXBuildFile; fileRef = 3D1B6B25299E90980066DE53 /* ItemList.swift */; };
		3D1B6B29299E90B70066DE53 /* ItemModel.swift in Sources */ = {isa = PBXBuildFile; fileRef = 3D1B6B28299E90B70066DE53 /* ItemModel.swift */; };
		3D1B6B2C299EF5F20066DE53 /* ItemViewModel.swift in Sources */ = {isa = PBXBuildFile; fileRef = 3D1B6B2B299EF5F20066DE53 /* ItemViewModel.swift */; };
		3D1B6B35299EF94F0066DE53 /* lavenders-blue.mp4 in Resources */ = {isa = PBXBuildFile; fileRef = 3D1B6B2D299EF94B0066DE53 /* lavenders-blue.mp4 */; };
		3D1B6B36299EF94F0066DE53 /* baa-baa-black-sheep.mp4 in Resources */ = {isa = PBXBuildFile; fileRef = 3D1B6B2E299EF94B0066DE53 /* baa-baa-black-sheep.mp4 */; };
		3D1B6B37299EF94F0066DE53 /* mozart-minuet.mp4 in Resources */ = {isa = PBXBuildFile; fileRef = 3D1B6B2F299EF94C0066DE53 /* mozart-minuet.mp4 */; };
		3D1B6B38299EF94F0066DE53 /* Baby-lullaby-music.mp4 in Resources */ = {isa = PBXBuildFile; fileRef = 3D1B6B30299EF94C0066DE53 /* Baby-lullaby-music.mp4 */; };
		3D1B6B39299EF94F0066DE53 /* mozart-serenade.mp4 in Resources */ = {isa = PBXBuildFile; fileRef = 3D1B6B31299EF94D0066DE53 /* mozart-serenade.mp4 */; };
		3D1B6B3A299EF94F0066DE53 /* hush-little-baby.mp4 in Resources */ = {isa = PBXBuildFile; fileRef = 3D1B6B32299EF94E0066DE53 /* hush-little-baby.mp4 */; };
		3D1B6B3B299EF94F0066DE53 /* twinkle-twinkle-little-star.mp4 in Resources */ = {isa = PBXBuildFile; fileRef = 3D1B6B33299EF94E0066DE53 /* twinkle-twinkle-little-star.mp4 */; };
		3D1B6B3C299EF94F0066DE53 /* mozart-piano-Sonata.mp4 in Resources */ = {isa = PBXBuildFile; fileRef = 3D1B6B34299EF94F0066DE53 /* mozart-piano-Sonata.mp4 */; };
		3D1B6B3E299EFB250066DE53 /* DetailView.swift in Sources */ = {isa = PBXBuildFile; fileRef = 3D1B6B3D299EFB250066DE53 /* DetailView.swift */; };
		3D5C19A429A6998B00585D7A /* PremiumPage.swift in Sources */ = {isa = PBXBuildFile; fileRef = 3D5C19A329A6998B00585D7A /* PremiumPage.swift */; };
		3D5C19A629A6A63000585D7A /* Settings.swift in Sources */ = {isa = PBXBuildFile; fileRef = 3D5C19A529A6A63000585D7A /* Settings.swift */; };
		3D5C19A929A750FE00585D7A /* EmailHelper.swift in Sources */ = {isa = PBXBuildFile; fileRef = 3D5C19A829A750FE00585D7A /* EmailHelper.swift */; };
		3D5C19AC29A7526900585D7A /* Consts.swift in Sources */ = {isa = PBXBuildFile; fileRef = 3D5C19AB29A7526900585D7A /* Consts.swift */; };
		3D5C19AE29A7529B00585D7A /* MailView.swift in Sources */ = {isa = PBXBuildFile; fileRef = 3D5C19AD29A7529B00585D7A /* MailView.swift */; };
		3DB9FE6029A3853A00BD559C /* AlertView.swift in Sources */ = {isa = PBXBuildFile; fileRef = 3DB9FE5F29A3853A00BD559C /* AlertView.swift */; };
		3DB9FE6229A3862500BD559C /* PlayView.swift in Sources */ = {isa = PBXBuildFile; fileRef = 3DB9FE6129A3862500BD559C /* PlayView.swift */; };
		3DB9FE6529A3F6AF00BD559C /* GoogleMobileAds in Frameworks */ = {isa = PBXBuildFile; productRef = 3DB9FE6429A3F6AF00BD559C /* GoogleMobileAds */; };
		3DB9FE6729A46CC300BD559C /* BannerRepresentable.swift in Sources */ = {isa = PBXBuildFile; fileRef = 3DB9FE6629A46CC300BD559C /* BannerRepresentable.swift */; };
		3DB9FE6929A4CFF900BD559C /* InterstitalAdView.swift in Sources */ = {isa = PBXBuildFile; fileRef = 3DB9FE6829A4CFF900BD559C /* InterstitalAdView.swift */; };
/* End PBXBuildFile section */

/* Begin PBXFileReference section */
		3D1B6B10299E77190066DE53 /* lullappi.app */ = {isa = PBXFileReference; explicitFileType = wrapper.application; includeInIndex = 0; path = lullappi.app; sourceTree = BUILT_PRODUCTS_DIR; };
		3D1B6B13299E77190066DE53 /* lullappiApp.swift */ = {isa = PBXFileReference; lastKnownFileType = sourcecode.swift; path = lullappiApp.swift; sourceTree = "<group>"; };
		3D1B6B15299E77190066DE53 /* ContentView.swift */ = {isa = PBXFileReference; lastKnownFileType = sourcecode.swift; path = ContentView.swift; sourceTree = "<group>"; };
		3D1B6B17299E771A0066DE53 /* Assets.xcassets */ = {isa = PBXFileReference; lastKnownFileType = folder.assetcatalog; path = Assets.xcassets; sourceTree = "<group>"; };
		3D1B6B19299E771A0066DE53 /* lullappi.entitlements */ = {isa = PBXFileReference; lastKnownFileType = text.plist.entitlements; path = lullappi.entitlements; sourceTree = "<group>"; };
		3D1B6B1B299E771A0066DE53 /* Preview Assets.xcassets */ = {isa = PBXFileReference; lastKnownFileType = folder.assetcatalog; path = "Preview Assets.xcassets"; sourceTree = "<group>"; };
		3D1B6B23299E77580066DE53 /* Item.swift */ = {isa = PBXFileReference; lastKnownFileType = sourcecode.swift; path = Item.swift; sourceTree = "<group>"; };
		3D1B6B25299E90980066DE53 /* ItemList.swift */ = {isa = PBXFileReference; lastKnownFileType = sourcecode.swift; path = ItemList.swift; sourceTree = "<group>"; };
		3D1B6B28299E90B70066DE53 /* ItemModel.swift */ = {isa = PBXFileReference; lastKnownFileType = sourcecode.swift; path = ItemModel.swift; sourceTree = "<group>"; };
		3D1B6B2B299EF5F20066DE53 /* ItemViewModel.swift */ = {isa = PBXFileReference; lastKnownFileType = sourcecode.swift; path = ItemViewModel.swift; sourceTree = "<group>"; };
		3D1B6B2D299EF94B0066DE53 /* lavenders-blue.mp4 */ = {isa = PBXFileReference; lastKnownFileType = file; path = "lavenders-blue.mp4"; sourceTree = "<group>"; };
		3D1B6B2E299EF94B0066DE53 /* baa-baa-black-sheep.mp4 */ = {isa = PBXFileReference; lastKnownFileType = file; path = "baa-baa-black-sheep.mp4"; sourceTree = "<group>"; };
		3D1B6B2F299EF94C0066DE53 /* mozart-minuet.mp4 */ = {isa = PBXFileReference; lastKnownFileType = file; path = "mozart-minuet.mp4"; sourceTree = "<group>"; };
		3D1B6B30299EF94C0066DE53 /* Baby-lullaby-music.mp4 */ = {isa = PBXFileReference; lastKnownFileType = file; path = "Baby-lullaby-music.mp4"; sourceTree = "<group>"; };
		3D1B6B31299EF94D0066DE53 /* mozart-serenade.mp4 */ = {isa = PBXFileReference; lastKnownFileType = file; path = "mozart-serenade.mp4"; sourceTree = "<group>"; };
		3D1B6B32299EF94E0066DE53 /* hush-little-baby.mp4 */ = {isa = PBXFileReference; lastKnownFileType = file; path = "hush-little-baby.mp4"; sourceTree = "<group>"; };
		3D1B6B33299EF94E0066DE53 /* twinkle-twinkle-little-star.mp4 */ = {isa = PBXFileReference; lastKnownFileType = file; path = "twinkle-twinkle-little-star.mp4"; sourceTree = "<group>"; };
		3D1B6B34299EF94F0066DE53 /* mozart-piano-Sonata.mp4 */ = {isa = PBXFileReference; lastKnownFileType = file; path = "mozart-piano-Sonata.mp4"; sourceTree = "<group>"; };
		3D1B6B3D299EFB250066DE53 /* DetailView.swift */ = {isa = PBXFileReference; lastKnownFileType = sourcecode.swift; path = DetailView.swift; sourceTree = "<group>"; };
		3D1B6B3F299FD23D0066DE53 /* Info.plist */ = {isa = PBXFileReference; lastKnownFileType = text.plist; path = Info.plist; sourceTree = "<group>"; };
		3D5C19A329A6998B00585D7A /* PremiumPage.swift */ = {isa = PBXFileReference; lastKnownFileType = sourcecode.swift; path = PremiumPage.swift; sourceTree = "<group>"; };
		3D5C19A529A6A63000585D7A /* Settings.swift */ = {isa = PBXFileReference; lastKnownFileType = sourcecode.swift; path = Settings.swift; sourceTree = "<group>"; };
		3D5C19A829A750FE00585D7A /* EmailHelper.swift */ = {isa = PBXFileReference; lastKnownFileType = sourcecode.swift; path = EmailHelper.swift; sourceTree = "<group>"; };
		3D5C19AB29A7526900585D7A /* Consts.swift */ = {isa = PBXFileReference; lastKnownFileType = sourcecode.swift; path = Consts.swift; sourceTree = "<group>"; };
		3D5C19AD29A7529B00585D7A /* MailView.swift */ = {isa = PBXFileReference; lastKnownFileType = sourcecode.swift; path = MailView.swift; sourceTree = "<group>"; };
		3DB9FE5F29A3853A00BD559C /* AlertView.swift */ = {isa = PBXFileReference; lastKnownFileType = sourcecode.swift; path = AlertView.swift; sourceTree = "<group>"; };
		3DB9FE6129A3862500BD559C /* PlayView.swift */ = {isa = PBXFileReference; fileEncoding = 4; lastKnownFileType = sourcecode.swift; path = PlayView.swift; sourceTree = "<group>"; };
		3DB9FE6629A46CC300BD559C /* BannerRepresentable.swift */ = {isa = PBXFileReference; lastKnownFileType = sourcecode.swift; path = BannerRepresentable.swift; sourceTree = "<group>"; };
		3DB9FE6829A4CFF900BD559C /* InterstitalAdView.swift */ = {isa = PBXFileReference; lastKnownFileType = sourcecode.swift; path = InterstitalAdView.swift; sourceTree = "<group>"; };
/* End PBXFileReference section */

/* Begin PBXFrameworksBuildPhase section */
		3D1B6B0D299E77190066DE53 /* Frameworks */ = {
			isa = PBXFrameworksBuildPhase;
			buildActionMask = 2147483647;
			files = (
				3DB9FE6529A3F6AF00BD559C /* GoogleMobileAds in Frameworks */,
			);
			runOnlyForDeploymentPostprocessing = 0;
		};
/* End PBXFrameworksBuildPhase section */

/* Begin PBXGroup section */
		3D1B6B07299E77190066DE53 = {
			isa = PBXGroup;
			children = (
				3D1B6B2E299EF94B0066DE53 /* baa-baa-black-sheep.mp4 */,
				3D1B6B30299EF94C0066DE53 /* Baby-lullaby-music.mp4 */,
				3D1B6B32299EF94E0066DE53 /* hush-little-baby.mp4 */,
				3D1B6B2D299EF94B0066DE53 /* lavenders-blue.mp4 */,
				3D1B6B2F299EF94C0066DE53 /* mozart-minuet.mp4 */,
				3D1B6B34299EF94F0066DE53 /* mozart-piano-Sonata.mp4 */,
				3D1B6B31299EF94D0066DE53 /* mozart-serenade.mp4 */,
				3D1B6B33299EF94E0066DE53 /* twinkle-twinkle-little-star.mp4 */,
				3D1B6B12299E77190066DE53 /* lullappi */,
				3D1B6B11299E77190066DE53 /* Products */,
				3DA09F6629AB782F00E9E246 /* Frameworks */,
			);
			sourceTree = "<group>";
		};
		3D1B6B11299E77190066DE53 /* Products */ = {
			isa = PBXGroup;
			children = (
				3D1B6B10299E77190066DE53 /* lullappi.app */,
			);
			name = Products;
			sourceTree = "<group>";
		};
		3D1B6B12299E77190066DE53 /* lullappi */ = {
			isa = PBXGroup;
			children = (
				3D5C19AA29A7525A00585D7A /* Consts */,
				3D5C19A729A750EB00585D7A /* Helpers */,
				3D1B6B3F299FD23D0066DE53 /* Info.plist */,
				3D1B6B2A299EF5C40066DE53 /* ViewModels */,
				3D1B6B27299E90A30066DE53 /* Models */,
				3D1B6B22299E77310066DE53 /* Views */,
				3D1B6B13299E77190066DE53 /* lullappiApp.swift */,
				3D1B6B17299E771A0066DE53 /* Assets.xcassets */,
				3D1B6B19299E771A0066DE53 /* lullappi.entitlements */,
				3D1B6B1A299E771A0066DE53 /* Preview Content */,
			);
			path = lullappi;
			sourceTree = "<group>";
		};
		3D1B6B1A299E771A0066DE53 /* Preview Content */ = {
			isa = PBXGroup;
			children = (
				3D1B6B1B299E771A0066DE53 /* Preview Assets.xcassets */,
			);
			path = "Preview Content";
			sourceTree = "<group>";
		};
		3D1B6B22299E77310066DE53 /* Views */ = {
			isa = PBXGroup;
			children = (
				3DB9FE6129A3862500BD559C /* PlayView.swift */,
				3D1B6B15299E77190066DE53 /* ContentView.swift */,
				3D1B6B23299E77580066DE53 /* Item.swift */,
				3D1B6B25299E90980066DE53 /* ItemList.swift */,
				3D1B6B3D299EFB250066DE53 /* DetailView.swift */,
				3DB9FE5F29A3853A00BD559C /* AlertView.swift */,
				3DB9FE6629A46CC300BD559C /* BannerRepresentable.swift */,
				3DB9FE6829A4CFF900BD559C /* InterstitalAdView.swift */,
				3D5C19A329A6998B00585D7A /* PremiumPage.swift */,
				3D5C19A529A6A63000585D7A /* Settings.swift */,
				3D5C19AD29A7529B00585D7A /* MailView.swift */,
			);
			path = Views;
			sourceTree = "<group>";
		};
		3D1B6B27299E90A30066DE53 /* Models */ = {
			isa = PBXGroup;
			children = (
				3D1B6B28299E90B70066DE53 /* ItemModel.swift */,
			);
			path = Models;
			sourceTree = "<group>";
		};
		3D1B6B2A299EF5C40066DE53 /* ViewModels */ = {
			isa = PBXGroup;
			children = (
				3D1B6B2B299EF5F20066DE53 /* ItemViewModel.swift */,
			);
			path = ViewModels;
			sourceTree = "<group>";
		};
		3D5C19A729A750EB00585D7A /* Helpers */ = {
			isa = PBXGroup;
			children = (
				3D5C19A829A750FE00585D7A /* EmailHelper.swift */,
			);
			path = Helpers;
			sourceTree = "<group>";
		};
		3D5C19AA29A7525A00585D7A /* Consts */ = {
			isa = PBXGroup;
			children = (
				3D5C19AB29A7526900585D7A /* Consts.swift */,
			);
			path = Consts;
			sourceTree = "<group>";
		};
		3DA09F6629AB782F00E9E246 /* Frameworks */ = {
			isa = PBXGroup;
			children = (
			);
			name = Frameworks;
			sourceTree = "<group>";
		};
/* End PBXGroup section */

/* Begin PBXNativeTarget section */
		3D1B6B0F299E77190066DE53 /* lullappi */ = {
			isa = PBXNativeTarget;
			buildConfigurationList = 3D1B6B1F299E771A0066DE53 /* Build configuration list for PBXNativeTarget "lullappi" */;
			buildPhases = (
				3D1B6B0C299E77190066DE53 /* Sources */,
				3D1B6B0D299E77190066DE53 /* Frameworks */,
				3D1B6B0E299E77190066DE53 /* Resources */,
			);
			buildRules = (
			);
			dependencies = (
			);
			name = lullappi;
			packageProductDependencies = (
				3DB9FE6429A3F6AF00BD559C /* GoogleMobileAds */,
			);
			productName = lullappi;
			productReference = 3D1B6B10299E77190066DE53 /* lullappi.app */;
			productType = "com.apple.product-type.application";
		};
/* End PBXNativeTarget section */

/* Begin PBXProject section */
		3D1B6B08299E77190066DE53 /* Project object */ = {
			isa = PBXProject;
			attributes = {
				BuildIndependentTargetsInParallel = 1;
				LastSwiftUpdateCheck = 1420;
				LastUpgradeCheck = 1420;
				TargetAttributes = {
					3D1B6B0F299E77190066DE53 = {
						CreatedOnToolsVersion = 14.2;
					};
				};
			};
			buildConfigurationList = 3D1B6B0B299E77190066DE53 /* Build configuration list for PBXProject "lullappi" */;
			compatibilityVersion = "Xcode 14.0";
			developmentRegion = en;
			hasScannedForEncodings = 0;
			knownRegions = (
				en,
				Base,
			);
			mainGroup = 3D1B6B07299E77190066DE53;
			packageReferences = (
				3DB9FE6329A3F6AF00BD559C /* XCRemoteSwiftPackageReference "GoogleMobileAds" */,
			);
			productRefGroup = 3D1B6B11299E77190066DE53 /* Products */;
			projectDirPath = "";
			projectRoot = "";
			targets = (
				3D1B6B0F299E77190066DE53 /* lullappi */,
			);
		};
/* End PBXProject section */

/* Begin PBXResourcesBuildPhase section */
		3D1B6B0E299E77190066DE53 /* Resources */ = {
			isa = PBXResourcesBuildPhase;
			buildActionMask = 2147483647;
			files = (
				3D1B6B1C299E771A0066DE53 /* Preview Assets.xcassets in Resources */,
				3D1B6B3A299EF94F0066DE53 /* hush-little-baby.mp4 in Resources */,
				3D1B6B35299EF94F0066DE53 /* lavenders-blue.mp4 in Resources */,
				3D1B6B3B299EF94F0066DE53 /* twinkle-twinkle-little-star.mp4 in Resources */,
				3D1B6B37299EF94F0066DE53 /* mozart-minuet.mp4 in Resources */,
				3D1B6B38299EF94F0066DE53 /* Baby-lullaby-music.mp4 in Resources */,
				3D1B6B3C299EF94F0066DE53 /* mozart-piano-Sonata.mp4 in Resources */,
				3D1B6B18299E771A0066DE53 /* Assets.xcassets in Resources */,
				3D1B6B39299EF94F0066DE53 /* mozart-serenade.mp4 in Resources */,
				3D1B6B36299EF94F0066DE53 /* baa-baa-black-sheep.mp4 in Resources */,
			);
			runOnlyForDeploymentPostprocessing = 0;
		};
/* End PBXResourcesBuildPhase section */

/* Begin PBXSourcesBuildPhase section */
		3D1B6B0C299E77190066DE53 /* Sources */ = {
			isa = PBXSourcesBuildPhase;
			buildActionMask = 2147483647;
			files = (
				3D1B6B29299E90B70066DE53 /* ItemModel.swift in Sources */,
				3D5C19AC29A7526900585D7A /* Consts.swift in Sources */,
				3D1B6B26299E90980066DE53 /* ItemList.swift in Sources */,
				3D5C19A629A6A63000585D7A /* Settings.swift in Sources */,
				3DB9FE6029A3853A00BD559C /* AlertView.swift in Sources */,
				3D1B6B16299E77190066DE53 /* ContentView.swift in Sources */,
				3D5C19A429A6998B00585D7A /* PremiumPage.swift in Sources */,
				3D5C19AE29A7529B00585D7A /* MailView.swift in Sources */,
				3DB9FE6729A46CC300BD559C /* BannerRepresentable.swift in Sources */,
				3D1B6B3E299EFB250066DE53 /* DetailView.swift in Sources */,
				3D1B6B24299E77580066DE53 /* Item.swift in Sources */,
				3DB9FE6229A3862500BD559C /* PlayView.swift in Sources */,
				3D5C19A929A750FE00585D7A /* EmailHelper.swift in Sources */,
				3DB9FE6929A4CFF900BD559C /* InterstitalAdView.swift in Sources */,
				3D1B6B14299E77190066DE53 /* lullappiApp.swift in Sources */,
				3D1B6B2C299EF5F20066DE53 /* ItemViewModel.swift in Sources */,
			);
			runOnlyForDeploymentPostprocessing = 0;
		};
/* End PBXSourcesBuildPhase section */

/* Begin XCBuildConfiguration section */
		3D1B6B1D299E771A0066DE53 /* Debug */ = {
			isa = XCBuildConfiguration;
			buildSettings = {
				ALWAYS_SEARCH_USER_PATHS = NO;
				CLANG_ANALYZER_NONNULL = YES;
				CLANG_ANALYZER_NUMBER_OBJECT_CONVERSION = YES_AGGRESSIVE;
				CLANG_CXX_LANGUAGE_STANDARD = "gnu++20";
				CLANG_ENABLE_MODULES = YES;
				CLANG_ENABLE_OBJC_ARC = YES;
				CLANG_ENABLE_OBJC_WEAK = YES;
				CLANG_WARN_BLOCK_CAPTURE_AUTORELEASING = YES;
				CLANG_WARN_BOOL_CONVERSION = YES;
				CLANG_WARN_COMMA = YES;
				CLANG_WARN_CONSTANT_CONVERSION = YES;
				CLANG_WARN_DEPRECATED_OBJC_IMPLEMENTATIONS = YES;
				CLANG_WARN_DIRECT_OBJC_ISA_USAGE = YES_ERROR;
				CLANG_WARN_DOCUMENTATION_COMMENTS = YES;
				CLANG_WARN_EMPTY_BODY = YES;
				CLANG_WARN_ENUM_CONVERSION = YES;
				CLANG_WARN_INFINITE_RECURSION = YES;
				CLANG_WARN_INT_CONVERSION = YES;
				CLANG_WARN_NON_LITERAL_NULL_CONVERSION = YES;
				CLANG_WARN_OBJC_IMPLICIT_RETAIN_SELF = YES;
				CLANG_WARN_OBJC_LITERAL_CONVERSION = YES;
				CLANG_WARN_OBJC_ROOT_CLASS = YES_ERROR;
				CLANG_WARN_QUOTED_INCLUDE_IN_FRAMEWORK_HEADER = YES;
				CLANG_WARN_RANGE_LOOP_ANALYSIS = YES;
				CLANG_WARN_STRICT_PROTOTYPES = YES;
				CLANG_WARN_SUSPICIOUS_MOVE = YES;
				CLANG_WARN_UNGUARDED_AVAILABILITY = YES_AGGRESSIVE;
				CLANG_WARN_UNREACHABLE_CODE = YES;
				CLANG_WARN__DUPLICATE_METHOD_MATCH = YES;
				COPY_PHASE_STRIP = NO;
				DEBUG_INFORMATION_FORMAT = dwarf;
				ENABLE_STRICT_OBJC_MSGSEND = YES;
				ENABLE_TESTABILITY = YES;
				GCC_C_LANGUAGE_STANDARD = gnu11;
				GCC_DYNAMIC_NO_PIC = NO;
				GCC_NO_COMMON_BLOCKS = YES;
				GCC_OPTIMIZATION_LEVEL = 0;
				GCC_PREPROCESSOR_DEFINITIONS = (
					"DEBUG=1",
					"$(inherited)",
				);
				GCC_WARN_64_TO_32_BIT_CONVERSION = YES;
				GCC_WARN_ABOUT_RETURN_TYPE = YES_ERROR;
				GCC_WARN_UNDECLARED_SELECTOR = YES;
				GCC_WARN_UNINITIALIZED_AUTOS = YES_AGGRESSIVE;
				GCC_WARN_UNUSED_FUNCTION = YES;
				GCC_WARN_UNUSED_VARIABLE = YES;
				MTL_ENABLE_DEBUG_INFO = INCLUDE_SOURCE;
				MTL_FAST_MATH = YES;
				ONLY_ACTIVE_ARCH = YES;
				SWIFT_ACTIVE_COMPILATION_CONDITIONS = DEBUG;
				SWIFT_OPTIMIZATION_LEVEL = "-Onone";
			};
			name = Debug;
		};
		3D1B6B1E299E771A0066DE53 /* Release */ = {
			isa = XCBuildConfiguration;
			buildSettings = {
				ALWAYS_SEARCH_USER_PATHS = NO;
				CLANG_ANALYZER_NONNULL = YES;
				CLANG_ANALYZER_NUMBER_OBJECT_CONVERSION = YES_AGGRESSIVE;
				CLANG_CXX_LANGUAGE_STANDARD = "gnu++20";
				CLANG_ENABLE_MODULES = YES;
				CLANG_ENABLE_OBJC_ARC = YES;
				CLANG_ENABLE_OBJC_WEAK = YES;
				CLANG_WARN_BLOCK_CAPTURE_AUTORELEASING = YES;
				CLANG_WARN_BOOL_CONVERSION = YES;
				CLANG_WARN_COMMA = YES;
				CLANG_WARN_CONSTANT_CONVERSION = YES;
				CLANG_WARN_DEPRECATED_OBJC_IMPLEMENTATIONS = YES;
				CLANG_WARN_DIRECT_OBJC_ISA_USAGE = YES_ERROR;
				CLANG_WARN_DOCUMENTATION_COMMENTS = YES;
				CLANG_WARN_EMPTY_BODY = YES;
				CLANG_WARN_ENUM_CONVERSION = YES;
				CLANG_WARN_INFINITE_RECURSION = YES;
				CLANG_WARN_INT_CONVERSION = YES;
				CLANG_WARN_NON_LITERAL_NULL_CONVERSION = YES;
				CLANG_WARN_OBJC_IMPLICIT_RETAIN_SELF = YES;
				CLANG_WARN_OBJC_LITERAL_CONVERSION = YES;
				CLANG_WARN_OBJC_ROOT_CLASS = YES_ERROR;
				CLANG_WARN_QUOTED_INCLUDE_IN_FRAMEWORK_HEADER = YES;
				CLANG_WARN_RANGE_LOOP_ANALYSIS = YES;
				CLANG_WARN_STRICT_PROTOTYPES = YES;
				CLANG_WARN_SUSPICIOUS_MOVE = YES;
				CLANG_WARN_UNGUARDED_AVAILABILITY = YES_AGGRESSIVE;
				CLANG_WARN_UNREACHABLE_CODE = YES;
				CLANG_WARN__DUPLICATE_METHOD_MATCH = YES;
				COPY_PHASE_STRIP = NO;
				DEBUG_INFORMATION_FORMAT = "dwarf-with-dsym";
				ENABLE_NS_ASSERTIONS = NO;
				ENABLE_STRICT_OBJC_MSGSEND = YES;
				GCC_C_LANGUAGE_STANDARD = gnu11;
				GCC_NO_COMMON_BLOCKS = YES;
				GCC_WARN_64_TO_32_BIT_CONVERSION = YES;
				GCC_WARN_ABOUT_RETURN_TYPE = YES_ERROR;
				GCC_WARN_UNDECLARED_SELECTOR = YES;
				GCC_WARN_UNINITIALIZED_AUTOS = YES_AGGRESSIVE;
				GCC_WARN_UNUSED_FUNCTION = YES;
				GCC_WARN_UNUSED_VARIABLE = YES;
				MTL_ENABLE_DEBUG_INFO = NO;
				MTL_FAST_MATH = YES;
				SWIFT_COMPILATION_MODE = wholemodule;
				SWIFT_OPTIMIZATION_LEVEL = "-O";
			};
			name = Release;
		};
		3D1B6B20299E771A0066DE53 /* Debug */ = {
			isa = XCBuildConfiguration;
			buildSettings = {
				ASSETCATALOG_COMPILER_APPICON_NAME = AppIcon;
				ASSETCATALOG_COMPILER_GLOBAL_ACCENT_COLOR_NAME = AccentColor;
				CODE_SIGN_ENTITLEMENTS = lullappi/lullappi.entitlements;
				CODE_SIGN_STYLE = Automatic;
				CURRENT_PROJECT_VERSION = 1;
				DEVELOPMENT_ASSET_PATHS = "\"lullappi/Preview Content\"";
				DEVELOPMENT_TEAM = 736439KKK6;
				ENABLE_HARDENED_RUNTIME = YES;
				ENABLE_PREVIEWS = YES;
				GENERATE_INFOPLIST_FILE = YES;
				INFOPLIST_FILE = lullappi/Info.plist;
				"INFOPLIST_KEY_UIApplicationSceneManifest_Generation[sdk=iphoneos*]" = YES;
				"INFOPLIST_KEY_UIApplicationSceneManifest_Generation[sdk=iphonesimulator*]" = YES;
				"INFOPLIST_KEY_UIApplicationSupportsIndirectInputEvents[sdk=iphoneos*]" = YES;
				"INFOPLIST_KEY_UIApplicationSupportsIndirectInputEvents[sdk=iphonesimulator*]" = YES;
				"INFOPLIST_KEY_UILaunchScreen_Generation[sdk=iphoneos*]" = YES;
				"INFOPLIST_KEY_UILaunchScreen_Generation[sdk=iphonesimulator*]" = YES;
				"INFOPLIST_KEY_UIStatusBarStyle[sdk=iphoneos*]" = UIStatusBarStyleDefault;
				"INFOPLIST_KEY_UIStatusBarStyle[sdk=iphonesimulator*]" = UIStatusBarStyleDefault;
				INFOPLIST_KEY_UISupportedInterfaceOrientations_iPad = "UIInterfaceOrientationPortrait UIInterfaceOrientationPortraitUpsideDown UIInterfaceOrientationLandscapeLeft UIInterfaceOrientationLandscapeRight";
				INFOPLIST_KEY_UISupportedInterfaceOrientations_iPhone = "UIInterfaceOrientationPortrait UIInterfaceOrientationLandscapeLeft UIInterfaceOrientationLandscapeRight";
				IPHONEOS_DEPLOYMENT_TARGET = 16.2;
				LD_RUNPATH_SEARCH_PATHS = "@executable_path/Frameworks";
				"LD_RUNPATH_SEARCH_PATHS[sdk=macosx*]" = "@executable_path/../Frameworks";
				MACOSX_DEPLOYMENT_TARGET = 13.1;
				MARKETING_VERSION = 1.0;
				PRODUCT_BUNDLE_IDENTIFIER = com.mehmetfatihdurdu.lullappi;
				PRODUCT_NAME = "$(TARGET_NAME)";
				SDKROOT = auto;
				SUPPORTED_PLATFORMS = "iphoneos iphonesimulator";
				SUPPORTS_MACCATALYST = NO;
				SUPPORTS_MAC_DESIGNED_FOR_IPHONE_IPAD = NO;
				SWIFT_EMIT_LOC_STRINGS = YES;
				SWIFT_VERSION = 5.0;
				TARGETED_DEVICE_FAMILY = "1,2";
			};
			name = Debug;
		};
		3D1B6B21299E771A0066DE53 /* Release */ = {
			isa = XCBuildConfiguration;
			buildSettings = {
				ASSETCATALOG_COMPILER_APPICON_NAME = AppIcon;
				ASSETCATALOG_COMPILER_GLOBAL_ACCENT_COLOR_NAME = AccentColor;
				CODE_SIGN_ENTITLEMENTS = lullappi/lullappi.entitlements;
				CODE_SIGN_STYLE = Automatic;
				CURRENT_PROJECT_VERSION = 1;
				DEVELOPMENT_ASSET_PATHS = "\"lullappi/Preview Content\"";
				DEVELOPMENT_TEAM = 736439KKK6;
				ENABLE_HARDENED_RUNTIME = YES;
				ENABLE_PREVIEWS = YES;
				GENERATE_INFOPLIST_FILE = YES;
				INFOPLIST_FILE = lullappi/Info.plist;
				"INFOPLIST_KEY_UIApplicationSceneManifest_Generation[sdk=iphoneos*]" = YES;
				"INFOPLIST_KEY_UIApplicationSceneManifest_Generation[sdk=iphonesimulator*]" = YES;
				"INFOPLIST_KEY_UIApplicationSupportsIndirectInputEvents[sdk=iphoneos*]" = YES;
				"INFOPLIST_KEY_UIApplicationSupportsIndirectInputEvents[sdk=iphonesimulator*]" = YES;
				"INFOPLIST_KEY_UILaunchScreen_Generation[sdk=iphoneos*]" = YES;
				"INFOPLIST_KEY_UILaunchScreen_Generation[sdk=iphonesimulator*]" = YES;
				"INFOPLIST_KEY_UIStatusBarStyle[sdk=iphoneos*]" = UIStatusBarStyleDefault;
				"INFOPLIST_KEY_UIStatusBarStyle[sdk=iphonesimulator*]" = UIStatusBarStyleDefault;
				INFOPLIST_KEY_UISupportedInterfaceOrientations_iPad = "UIInterfaceOrientationPortrait UIInterfaceOrientationPortraitUpsideDown UIInterfaceOrientationLandscapeLeft UIInterfaceOrientationLandscapeRight";
				INFOPLIST_KEY_UISupportedInterfaceOrientations_iPhone = "UIInterfaceOrientationPortrait UIInterfaceOrientationLandscapeLeft UIInterfaceOrientationLandscapeRight";
				IPHONEOS_DEPLOYMENT_TARGET = 16.2;
				LD_RUNPATH_SEARCH_PATHS = "@executable_path/Frameworks";
				"LD_RUNPATH_SEARCH_PATHS[sdk=macosx*]" = "@executable_path/../Frameworks";
				MACOSX_DEPLOYMENT_TARGET = 13.1;
				MARKETING_VERSION = 1.0;
				PRODUCT_BUNDLE_IDENTIFIER = com.mehmetfatihdurdu.lullappi;
				PRODUCT_NAME = "$(TARGET_NAME)";
				SDKROOT = auto;
				SUPPORTED_PLATFORMS = "iphoneos iphonesimulator";
				SUPPORTS_MACCATALYST = NO;
				SUPPORTS_MAC_DESIGNED_FOR_IPHONE_IPAD = NO;
				SWIFT_EMIT_LOC_STRINGS = YES;
				SWIFT_VERSION = 5.0;
				TARGETED_DEVICE_FAMILY = "1,2";
			};
			name = Release;
		};
/* End XCBuildConfiguration section */

/* Begin XCConfigurationList section */
		3D1B6B0B299E77190066DE53 /* Build configuration list for PBXProject "lullappi" */ = {
			isa = XCConfigurationList;
			buildConfigurations = (
				3D1B6B1D299E771A0066DE53 /* Debug */,
				3D1B6B1E299E771A0066DE53 /* Release */,
			);
			defaultConfigurationIsVisible = 0;
			defaultConfigurationName = Release;
		};
		3D1B6B1F299E771A0066DE53 /* Build configuration list for PBXNativeTarget "lullappi" */ = {
			isa = XCConfigurationList;
			buildConfigurations = (
				3D1B6B20299E771A0066DE53 /* Debug */,
				3D1B6B21299E771A0066DE53 /* Release */,
			);
			defaultConfigurationIsVisible = 0;
			defaultConfigurationName = Release;
		};
/* End XCConfigurationList section */

/* Begin XCRemoteSwiftPackageReference section */
		3DB9FE6329A3F6AF00BD559C /* XCRemoteSwiftPackageReference "GoogleMobileAds" */ = {
			isa = XCRemoteSwiftPackageReference;
			repositoryURL = "https://github.com/quanghits/GoogleMobileAds";
			requirement = {
				kind = upToNextMajorVersion;
				minimumVersion = 9.0.0;
			};
		};
/* End XCRemoteSwiftPackageReference section */

/* Begin XCSwiftPackageProductDependency section */
		3DB9FE6429A3F6AF00BD559C /* GoogleMobileAds */ = {
			isa = XCSwiftPackageProductDependency;
			package = 3DB9FE6329A3F6AF00BD559C /* XCRemoteSwiftPackageReference "GoogleMobileAds" */;
			productName = GoogleMobileAds;
		};
/* End XCSwiftPackageProductDependency section */
	};
	rootObject = 3D1B6B08299E77190066DE53 /* Project object */;
}
